
Microsoft Visual Studio Solution File, Format Version 12.00
# Visual Studio 14
VisualStudioVersion = 14.0.24720.0
MinimumVisualStudioVersion = 10.0.40219.1
Project("{FAE04EC0-301F-11D3-BF4B-00C04F79EFBC}") = "DoodleJump_2._0", "DoodleJump 2.0\DoodleJump_2._0\DoodleJump_2._0.csproj", "{670D5B6B-DD6F-46A7-B9CA-BA927A1EDBC2}"
EndProject
Project("{96E2B04D-8817-42C6-938A-82C39BA4D311}") = "DoodleJump_2._0Content", "DoodleJump 2.0\DoodleJump_2._0Content\DoodleJump_2._0Content.contentproj", "{E0EF7734-782D-4C60-BF77-57B9ADEF67B6}"
EndProject
Global
	GlobalSection(SolutionConfigurationPlatforms) = preSolution
		Debug|x86 = Debug|x86
		Release|x86 = Release|x86
	EndGlobalSection
	GlobalSection(ProjectConfigurationPlatforms) = postSolution
		{670D5B6B-DD6F-46A7-B9CA-BA927A1EDBC2}.Debug|x86.ActiveCfg = Debug|x86
		{670D5B6B-DD6F-46A7-B9CA-BA927A1EDBC2}.Debug|x86.Build.0 = Debug|x86
		{670D5B6B-DD6F-46A7-B9CA-BA927A1EDBC2}.Release|x86.ActiveCfg = Release|x86
		{670D5B6B-DD6F-46A7-B9CA-BA927A1EDBC2}.Release|x86.Build.0 = Release|x86
		{E0EF7734-782D-4C60-BF77-57B9ADEF67B6}.Debug|x86.ActiveCfg = Debug|x86
		{E0EF7734-782D-4C60-BF77-57B9ADEF67B6}.Release|x86.ActiveCfg = Release|x86
	EndGlobalSection
	GlobalSection(SolutionProperties) = preSolution
		HideSolutionNode = FALSE
	EndGlobalSection
EndGlobal
